// !$*UTF8*$!
{
	archiveVersion = 1;
	classes = {
	};
	objectVersion = 46;
	objects = {

/* Begin PBXBuildFile section */
		F40068681B3A0AAA00961B42 /* small-zoom-cursor.png in Resources */ = {isa = PBXBuildFile; fileRef = F40068661B3A0AAA00961B42 /* small-zoom-cursor.png */; };
		F40068691B3A0AAA00961B42 /* small-zoom-in-cursor.png in Resources */ = {isa = PBXBuildFile; fileRef = F40068671B3A0AAA00961B42 /* small-zoom-in-cursor.png */; };
		F400686D1B3A0CB900961B42 /* ZoomableClipView.m in Sources */ = {isa = PBXBuildFile; fileRef = F400686C1B3A0CB900961B42 /* ZoomableClipView.m */; };
		F46AB9361B3738AB00CEB288 /* resolutions.plist in Resources */ = {isa = PBXBuildFile; fileRef = F46AB9351B3738AB00CEB288 /* resolutions.plist */; };
		F46AB9681B375BD800CEB288 /* PixlDoc.m in Sources */ = {isa = PBXBuildFile; fileRef = F46AB9671B375BD800CEB288 /* PixlDoc.m */; };
		F46AB96B1B375BED00CEB288 /* PixlDoc.xib in Resources */ = {isa = PBXBuildFile; fileRef = F46AB9691B375BED00CEB288 /* PixlDoc.xib */; };
		F46AB96E1B375DB300CEB288 /* PixlDocWindowController.m in Sources */ = {isa = PBXBuildFile; fileRef = F46AB96D1B375DB300CEB288 /* PixlDocWindowController.m */; };
		F4B87C4D1B3EE62300F4B8BE /* PixlViewIcon.icns in Resources */ = {isa = PBXBuildFile; fileRef = F4B87C4B1B3EE61800F4B8BE /* PixlViewIcon.icns */; };
		F4BECE381B348E4F005FAD6C /* main.m in Sources */ = {isa = PBXBuildFile; fileRef = F4BECE371B348E4F005FAD6C /* main.m */; };
		F4BECE3B1B348E4F005FAD6C /* AppDelegate.m in Sources */ = {isa = PBXBuildFile; fileRef = F4BECE3A1B348E4F005FAD6C /* AppDelegate.m */; };
		F4BECE3D1B348E4F005FAD6C /* Images.xcassets in Resources */ = {isa = PBXBuildFile; fileRef = F4BECE3C1B348E4F005FAD6C /* Images.xcassets */; };
		F4BECE401B348E4F005FAD6C /* MainMenu.xib in Resources */ = {isa = PBXBuildFile; fileRef = F4BECE3E1B348E4F005FAD6C /* MainMenu.xib */; };
		F4BECE5D1B35B541005FAD6C /* GLPixelView.m in Sources */ = {isa = PBXBuildFile; fileRef = F4BECE5C1B35B541005FAD6C /* GLPixelView.m */; };
		F4BECE671B35D878005FAD6C /* PixelBuffer.m in Sources */ = {isa = PBXBuildFile; fileRef = F4BECE661B35D878005FAD6C /* PixelBuffer.m */; };
/* End PBXBuildFile section */

/* Begin PBXFileReference section */
		F40068601B38CE6500961B42 /* en */ = {isa = PBXFileReference; lastKnownFileType = text.plist.strings; name = en; path = en.lproj/PixlDoc.strings; sourceTree = "<group>"; };
		F40068651B3A049800961B42 /* IDEAS.txt */ = {isa = PBXFileReference; lastKnownFileType = text; name = IDEAS.txt; path = ../pixlview/IDEAS.txt; sourceTree = "<group>"; };
		F40068661B3A0AAA00961B42 /* small-zoom-cursor.png */ = {isa = PBXFileReference; lastKnownFileType = image.png; name = "small-zoom-cursor.png"; path = "../../pixlview/PixlView/images/small-zoom-cursor.png"; sourceTree = "<group>"; };
		F40068671B3A0AAA00961B42 /* small-zoom-in-cursor.png */ = {isa = PBXFileReference; lastKnownFileType = image.png; name = "small-zoom-in-cursor.png"; path = "../../pixlview/PixlView/images/small-zoom-in-cursor.png"; sourceTree = "<group>"; };
		F400686B1B3A0CB900961B42 /* ZoomableClipView.h */ = {isa = PBXFileReference; fileEncoding = 4; lastKnownFileType = sourcecode.c.h; name = ZoomableClipView.h; path = ../../pixlview/PixlView/ZoomableClipView.h; sourceTree = "<group>"; };
		F400686C1B3A0CB900961B42 /* ZoomableClipView.m */ = {isa = PBXFileReference; fileEncoding = 4; lastKnownFileType = sourcecode.c.objc; name = ZoomableClipView.m; path = ../../pixlview/PixlView/ZoomableClipView.m; sourceTree = "<group>"; };
		F41E40721B5AA76A006D6160 /* README.md */ = {isa = PBXFileReference; lastKnownFileType = net.daringfireball.markdown; path = README.md; sourceTree = "<group>"; };
		F46AB9351B3738AB00CEB288 /* resolutions.plist */ = {isa = PBXFileReference; fileEncoding = 4; lastKnownFileType = text.plist.xml; path = resolutions.plist; sourceTree = "<group>"; };
		F46AB9661B375BD800CEB288 /* PixlDoc.h */ = {isa = PBXFileReference; fileEncoding = 4; lastKnownFileType = sourcecode.c.h; path = PixlDoc.h; sourceTree = "<group>"; };
		F46AB9671B375BD800CEB288 /* PixlDoc.m */ = {isa = PBXFileReference; fileEncoding = 4; lastKnownFileType = sourcecode.c.objc; path = PixlDoc.m; sourceTree = "<group>"; };
		F46AB96A1B375BED00CEB288 /* Base */ = {isa = PBXFileReference; lastKnownFileType = file.xib; name = Base; path = Base.lproj/PixlDoc.xib; sourceTree = "<group>"; };
		F46AB96C1B375DB300CEB288 /* PixlDocWindowController.h */ = {isa = PBXFileReference; fileEncoding = 4; lastKnownFileType = sourcecode.c.h; path = PixlDocWindowController.h; sourceTree = "<group>"; };
		F46AB96D1B375DB300CEB288 /* PixlDocWindowController.m */ = {isa = PBXFileReference; fileEncoding = 4; lastKnownFileType = sourcecode.c.objc; path = PixlDocWindowController.m; sourceTree = "<group>"; };
		F4B87C491B3EE61800F4B8BE /* PixlViewerIcon.iconset */ = {isa = PBXFileReference; lastKnownFileType = folder.iconset; name = PixlViewerIcon.iconset; path = icon/PixlViewerIcon.iconset; sourceTree = "<group>"; };
		F4B87C4A1B3EE61800F4B8BE /* PixlViewIcon.ai */ = {isa = PBXFileReference; lastKnownFileType = text; name = PixlViewIcon.ai; path = icon/PixlViewIcon.ai; sourceTree = "<group>"; };
		F4B87C4B1B3EE61800F4B8BE /* PixlViewIcon.icns */ = {isa = PBXFileReference; lastKnownFileType = image.icns; name = PixlViewIcon.icns; path = icon/PixlViewIcon.icns; sourceTree = "<group>"; };
		F4B87C4C1B3EE61800F4B8BE /* PixlViewIcon.psd */ = {isa = PBXFileReference; lastKnownFileType = file; name = PixlViewIcon.psd; path = icon/PixlViewIcon.psd; sourceTree = "<group>"; };
		F4BECE321B348E4F005FAD6C /* PixlView.app */ = {isa = PBXFileReference; explicitFileType = wrapper.application; includeInIndex = 0; path = PixlView.app; sourceTree = BUILT_PRODUCTS_DIR; };
		F4BECE361B348E4F005FAD6C /* Info.plist */ = {isa = PBXFileReference; lastKnownFileType = text.plist.xml; path = Info.plist; sourceTree = "<group>"; };
		F4BECE371B348E4F005FAD6C /* main.m */ = {isa = PBXFileReference; lastKnownFileType = sourcecode.c.objc; path = main.m; sourceTree = "<group>"; };
		F4BECE391B348E4F005FAD6C /* AppDelegate.h */ = {isa = PBXFileReference; lastKnownFileType = sourcecode.c.h; path = AppDelegate.h; sourceTree = "<group>"; };
		F4BECE3A1B348E4F005FAD6C /* AppDelegate.m */ = {isa = PBXFileReference; lastKnownFileType = sourcecode.c.objc; path = AppDelegate.m; sourceTree = "<group>"; };
		F4BECE3C1B348E4F005FAD6C /* Images.xcassets */ = {isa = PBXFileReference; lastKnownFileType = folder.assetcatalog; path = Images.xcassets; sourceTree = "<group>"; };
		F4BECE3F1B348E4F005FAD6C /* Base */ = {isa = PBXFileReference; lastKnownFileType = file.xib; name = Base; path = Base.lproj/MainMenu.xib; sourceTree = "<group>"; };
		F4BECE5B1B35B541005FAD6C /* GLPixelView.h */ = {isa = PBXFileReference; fileEncoding = 4; lastKnownFileType = sourcecode.c.h; path = GLPixelView.h; sourceTree = "<group>"; };
		F4BECE5C1B35B541005FAD6C /* GLPixelView.m */ = {isa = PBXFileReference; fileEncoding = 4; lastKnownFileType = sourcecode.c.objc; path = GLPixelView.m; sourceTree = "<group>"; };
		F4BECE651B35D878005FAD6C /* PixelBuffer.h */ = {isa = PBXFileReference; fileEncoding = 4; lastKnownFileType = sourcecode.c.h; path = PixelBuffer.h; sourceTree = "<group>"; };
		F4BECE661B35D878005FAD6C /* PixelBuffer.m */ = {isa = PBXFileReference; fileEncoding = 4; lastKnownFileType = sourcecode.c.objc; path = PixelBuffer.m; sourceTree = "<group>"; };
/* End PBXFileReference section */

/* Begin PBXFrameworksBuildPhase section */
		F4BECE2F1B348E4F005FAD6C /* Frameworks */ = {
			isa = PBXFrameworksBuildPhase;
			buildActionMask = 2147483647;
			files = (
			);
			runOnlyForDeploymentPostprocessing = 0;
		};
/* End PBXFrameworksBuildPhase section */

/* Begin PBXGroup section */
		F400686A1B3A0AB600961B42 /* Images */ = {
			isa = PBXGroup;
			children = (
				F40068661B3A0AAA00961B42 /* small-zoom-cursor.png */,
				F4B87C481B3EE60D00F4B8BE /* Icon */,
				F40068671B3A0AAA00961B42 /* small-zoom-in-cursor.png */,
				F4BECE3C1B348E4F005FAD6C /* Images.xcassets */,
			);
			name = Images;
			sourceTree = "<group>";
		};
		F4B87C481B3EE60D00F4B8BE /* Icon */ = {
			isa = PBXGroup;
			children = (
				F4B87C491B3EE61800F4B8BE /* PixlViewerIcon.iconset */,
				F4B87C4A1B3EE61800F4B8BE /* PixlViewIcon.ai */,
				F4B87C4B1B3EE61800F4B8BE /* PixlViewIcon.icns */,
				F4B87C4C1B3EE61800F4B8BE /* PixlViewIcon.psd */,
			);
			name = Icon;
			sourceTree = "<group>";
		};
		F4BECE291B348E4F005FAD6C = {
			isa = PBXGroup;
			children = (
				F41E40721B5AA76A006D6160 /* README.md */,
				F40068651B3A049800961B42 /* IDEAS.txt */,
				F4BECE341B348E4F005FAD6C /* PixlView */,
				F4BECE331B348E4F005FAD6C /* Products */,
			);
			sourceTree = "<group>";
		};
		F4BECE331B348E4F005FAD6C /* Products */ = {
			isa = PBXGroup;
			children = (
				F4BECE321B348E4F005FAD6C /* PixlView.app */,
			);
			name = Products;
			sourceTree = "<group>";
		};
		F4BECE341B348E4F005FAD6C /* PixlView */ = {
			isa = PBXGroup;
			children = (
				F4BECE391B348E4F005FAD6C /* AppDelegate.h */,
				F4BECE3A1B348E4F005FAD6C /* AppDelegate.m */,
				F46AB9661B375BD800CEB288 /* PixlDoc.h */,
				F46AB9671B375BD800CEB288 /* PixlDoc.m */,
				F46AB96C1B375DB300CEB288 /* PixlDocWindowController.h */,
				F46AB96D1B375DB300CEB288 /* PixlDocWindowController.m */,
				F4BECE651B35D878005FAD6C /* PixelBuffer.h */,
				F4BECE661B35D878005FAD6C /* PixelBuffer.m */,
				F4BECE5B1B35B541005FAD6C /* GLPixelView.h */,
				F4BECE5C1B35B541005FAD6C /* GLPixelView.m */,
				F400686B1B3A0CB900961B42 /* ZoomableClipView.h */,
				F400686C1B3A0CB900961B42 /* ZoomableClipView.m */,
				F4BECE351B348E4F005FAD6C /* Resources */,
			);
			path = PixlView;
			sourceTree = "<group>";
		};
		F4BECE351B348E4F005FAD6C /* Resources */ = {
			isa = PBXGroup;
			children = (
				F400686A1B3A0AB600961B42 /* Images */,
				F46AB9691B375BED00CEB288 /* PixlDoc.xib */,
				F4BECE3E1B348E4F005FAD6C /* MainMenu.xib */,
				F46AB9351B3738AB00CEB288 /* resolutions.plist */,
				F4BECE361B348E4F005FAD6C /* Info.plist */,
				F4BECE371B348E4F005FAD6C /* main.m */,
			);
			name = Resources;
			sourceTree = "<group>";
		};
/* End PBXGroup section */

/* Begin PBXNativeTarget section */
		F4BECE311B348E4F005FAD6C /* PixlView */ = {
			isa = PBXNativeTarget;
			buildConfigurationList = F4BECE4F1B348E50005FAD6C /* Build configuration list for PBXNativeTarget "PixlView" */;
			buildPhases = (
				F4BECE2E1B348E4F005FAD6C /* Sources */,
				F4BECE2F1B348E4F005FAD6C /* Frameworks */,
				F4BECE301B348E4F005FAD6C /* Resources */,
			);
			buildRules = (
			);
			dependencies = (
			);
			name = PixlView;
			productName = PixlView;
			productReference = F4BECE321B348E4F005FAD6C /* PixlView.app */;
			productType = "com.apple.product-type.application";
		};
/* End PBXNativeTarget section */

/* Begin PBXProject section */
		F4BECE2A1B348E4F005FAD6C /* Project object */ = {
			isa = PBXProject;
			attributes = {
				LastUpgradeCheck = 0640;
				ORGANIZATIONNAME = "Sveinbjorn Thordarson";
				TargetAttributes = {
					F4BECE311B348E4F005FAD6C = {
						CreatedOnToolsVersion = 6.0.1;
					};
				};
			};
			buildConfigurationList = F4BECE2D1B348E4F005FAD6C /* Build configuration list for PBXProject "PixlView" */;
			compatibilityVersion = "Xcode 3.2";
			developmentRegion = English;
			hasScannedForEncodings = 0;
			knownRegions = (
				en,
				Base,
			);
			mainGroup = F4BECE291B348E4F005FAD6C;
			productRefGroup = F4BECE331B348E4F005FAD6C /* Products */;
			projectDirPath = "";
			projectRoot = "";
			targets = (
				F4BECE311B348E4F005FAD6C /* PixlView */,
			);
		};
/* End PBXProject section */

/* Begin PBXResourcesBuildPhase section */
		F4BECE301B348E4F005FAD6C /* Resources */ = {
			isa = PBXResourcesBuildPhase;
			buildActionMask = 2147483647;
			files = (
				F46AB96B1B375BED00CEB288 /* PixlDoc.xib in Resources */,
				F4BECE3D1B348E4F005FAD6C /* Images.xcassets in Resources */,
				F4BECE401B348E4F005FAD6C /* MainMenu.xib in Resources */,
				F40068681B3A0AAA00961B42 /* small-zoom-cursor.png in Resources */,
				F46AB9361B3738AB00CEB288 /* resolutions.plist in Resources */,
				F4B87C4D1B3EE62300F4B8BE /* PixlViewIcon.icns in Resources */,
				F40068691B3A0AAA00961B42 /* small-zoom-in-cursor.png in Resources */,
			);
			runOnlyForDeploymentPostprocessing = 0;
		};
/* End PBXResourcesBuildPhase section */

/* Begin PBXSourcesBuildPhase section */
		F4BECE2E1B348E4F005FAD6C /* Sources */ = {
			isa = PBXSourcesBuildPhase;
			buildActionMask = 2147483647;
			files = (
				F46AB9681B375BD800CEB288 /* PixlDoc.m in Sources */,
				F4BECE5D1B35B541005FAD6C /* GLPixelView.m in Sources */,
				F4BECE671B35D878005FAD6C /* PixelBuffer.m in Sources */,
				F4BECE3B1B348E4F005FAD6C /* AppDelegate.m in Sources */,
				F46AB96E1B375DB300CEB288 /* PixlDocWindowController.m in Sources */,
				F400686D1B3A0CB900961B42 /* ZoomableClipView.m in Sources */,
				F4BECE381B348E4F005FAD6C /* main.m in Sources */,
			);
			runOnlyForDeploymentPostprocessing = 0;
		};
/* End PBXSourcesBuildPhase section */

/* Begin PBXVariantGroup section */
		F46AB9691B375BED00CEB288 /* PixlDoc.xib */ = {
			isa = PBXVariantGroup;
			children = (
				F46AB96A1B375BED00CEB288 /* Base */,
				F40068601B38CE6500961B42 /* en */,
			);
			name = PixlDoc.xib;
			sourceTree = "<group>";
		};
		F4BECE3E1B348E4F005FAD6C /* MainMenu.xib */ = {
			isa = PBXVariantGroup;
			children = (
				F4BECE3F1B348E4F005FAD6C /* Base */,
			);
			name = MainMenu.xib;
			sourceTree = "<group>";
		};
/* End PBXVariantGroup section */

/* Begin XCBuildConfiguration section */
		F4BECE4D1B348E50005FAD6C /* Debug */ = {
			isa = XCBuildConfiguration;
			buildSettings = {
				ALWAYS_SEARCH_USER_PATHS = NO;
				CLANG_CXX_LANGUAGE_STANDARD = "gnu++0x";
				CLANG_CXX_LIBRARY = "libc++";
				CLANG_ENABLE_MODULES = YES;
				CLANG_ENABLE_OBJC_ARC = YES;
				CLANG_WARN_BOOL_CONVERSION = YES;
				CLANG_WARN_CONSTANT_CONVERSION = YES;
				CLANG_WARN_DIRECT_OBJC_ISA_USAGE = YES_ERROR;
				CLANG_WARN_EMPTY_BODY = YES;
				CLANG_WARN_ENUM_CONVERSION = YES;
				CLANG_WARN_INT_CONVERSION = YES;
				CLANG_WARN_OBJC_ROOT_CLASS = YES_ERROR;
				CLANG_WARN_UNREACHABLE_CODE = YES;
				CLANG_WARN__DUPLICATE_METHOD_MATCH = YES;
				CODE_SIGN_IDENTITY = "";
				COPY_PHASE_STRIP = NO;
				ENABLE_STRICT_OBJC_MSGSEND = YES;
				GCC_C_LANGUAGE_STANDARD = gnu99;
				GCC_DYNAMIC_NO_PIC = NO;
				GCC_OPTIMIZATION_LEVEL = 0;
				GCC_PREPROCESSOR_DEFINITIONS = (
					"DEBUG=1",
					"$(inherited)",
				);
				GCC_SYMBOLS_PRIVATE_EXTERN = NO;
				GCC_WARN_64_TO_32_BIT_CONVERSION = YES;
				GCC_WARN_ABOUT_RETURN_TYPE = YES_ERROR;
				GCC_WARN_UNDECLARED_SELECTOR = YES;
				GCC_WARN_UNINITIALIZED_AUTOS = YES_AGGRESSIVE;
				GCC_WARN_UNUSED_FUNCTION = YES;
				GCC_WARN_UNUSED_VARIABLE = YES;
				MACOSX_DEPLOYMENT_TARGET = 10.10;
				MTL_ENABLE_DEBUG_INFO = YES;
				ONLY_ACTIVE_ARCH = YES;
				SDKROOT = macosx;
			};
			name = Debug;
		};
		F4BECE4E1B348E50005FAD6C /* Release */ = {
			isa = XCBuildConfiguration;
			buildSettings = {
				ALWAYS_SEARCH_USER_PATHS = NO;
				CLANG_CXX_LANGUAGE_STANDARD = "gnu++0x";
				CLANG_CXX_LIBRARY = "libc++";
				CLANG_ENABLE_MODULES = YES;
				CLANG_ENABLE_OBJC_ARC = YES;
				CLANG_WARN_BOOL_CONVERSION = YES;
				CLANG_WARN_CONSTANT_CONVERSION = YES;
				CLANG_WARN_DIRECT_OBJC_ISA_USAGE = YES_ERROR;
				CLANG_WARN_EMPTY_BODY = YES;
				CLANG_WARN_ENUM_CONVERSION = YES;
				CLANG_WARN_INT_CONVERSION = YES;
				CLANG_WARN_OBJC_ROOT_CLASS = YES_ERROR;
				CLANG_WARN_UNREACHABLE_CODE = YES;
				CLANG_WARN__DUPLICATE_METHOD_MATCH = YES;
				CODE_SIGN_IDENTITY = "";
				COPY_PHASE_STRIP = YES;
				DEBUG_INFORMATION_FORMAT = "dwarf-with-dsym";
				ENABLE_NS_ASSERTIONS = NO;
				ENABLE_STRICT_OBJC_MSGSEND = YES;
				GCC_C_LANGUAGE_STANDARD = gnu99;
				GCC_WARN_64_TO_32_BIT_CONVERSION = YES;
				GCC_WARN_ABOUT_RETURN_TYPE = YES_ERROR;
				GCC_WARN_UNDECLARED_SELECTOR = YES;
				GCC_WARN_UNINITIALIZED_AUTOS = YES_AGGRESSIVE;
				GCC_WARN_UNUSED_FUNCTION = YES;
				GCC_WARN_UNUSED_VARIABLE = YES;
				MACOSX_DEPLOYMENT_TARGET = 10.10;
				MTL_ENABLE_DEBUG_INFO = NO;
				SDKROOT = macosx;
			};
			name = Release;
		};
		F4BECE501B348E50005FAD6C /* Debug */ = {
			isa = XCBuildConfiguration;
			buildSettings = {
				ASSETCATALOG_COMPILER_APPICON_NAME = AppIcon;
				COMBINE_HIDPI_IMAGES = YES;
				INFOPLIST_FILE = PixlView/Info.plist;
				LD_RUNPATH_SEARCH_PATHS = "$(inherited) @executable_path/../Frameworks";
				MACOSX_DEPLOYMENT_TARGET = 10.8;
				PRODUCT_NAME = PixlView;
			};
			name = Debug;
		};
		F4BECE511B348E50005FAD6C /* Release */ = {
			isa = XCBuildConfiguration;
			buildSettings = {
				ASSETCATALOG_COMPILER_APPICON_NAME = AppIcon;
				COMBINE_HIDPI_IMAGES = YES;
				INFOPLIST_FILE = PixlView/Info.plist;
				LD_RUNPATH_SEARCH_PATHS = "$(inherited) @executable_path/../Frameworks";
				MACOSX_DEPLOYMENT_TARGET = 10.8;
				PRODUCT_NAME = PixlView;
			};
			name = Release;
		};
/* End XCBuildConfiguration section */

/* Begin XCConfigurationList section */
		F4BECE2D1B348E4F005FAD6C /* Build configuration list for PBXProject "PixlView" */ = {
			isa = XCConfigurationList;
			buildConfigurations = (
				F4BECE4D1B348E50005FAD6C /* Debug */,
				F4BECE4E1B348E50005FAD6C /* Release */,
			);
			defaultConfigurationIsVisible = 0;
			defaultConfigurationName = Release;
		};
		F4BECE4F1B348E50005FAD6C /* Build configuration list for PBXNativeTarget "PixlView" */ = {
			isa = XCConfigurationList;
			buildConfigurations = (
				F4BECE501B348E50005FAD6C /* Debug */,
				F4BECE511B348E50005FAD6C /* Release */,
			);
			defaultConfigurationIsVisible = 0;
			defaultConfigurationName = Release;
		};
/* End XCConfigurationList section */
	};
	rootObject = F4BECE2A1B348E4F005FAD6C /* Project object */;
}
